
Microsoft Visual Studio Solution File, Format Version 12.00
# Visual Studio 15
VisualStudioVersion = 15.0.28307.106
MinimumVisualStudioVersion = 10.0.40219.1
Project("{FAE04EC0-301F-11D3-BF4B-00C04F79EFBC}") = "ReadText", "ReadText.csproj", "{BA270553-C5D7-49A5-9480-46536B716D0A}"
EndProject
Global
	GlobalSection(SolutionConfigurationPlatforms) = preSolution
		Debug|Any CPU = Debug|Any CPU
		Release|Any CPU = Release|Any CPU
	EndGlobalSection
	GlobalSection(ProjectConfigurationPlatforms) = postSolution
		{BA270553-C5D7-49A5-9480-46536B716D0A}.Debug|Any CPU.ActiveCfg = Debug|Any CPU
		{BA270553-C5D7-49A5-9480-46536B716D0A}.Debug|Any CPU.Build.0 = Debug|Any CPU
		{BA270553-C5D7-49A5-9480-46536B716D0A}.Release|Any CPU.ActiveCfg = Release|Any CPU
		{BA270553-C5D7-49A5-9480-46536B716D0A}.Release|Any CPU.Build.0 = Release|Any CPU
	EndGlobalSection
	GlobalSection(SolutionProperties) = preSolution
		HideSolutionNode = FALSE
	EndGlobalSection
	GlobalSection(ExtensibilityGlobals) = postSolution
		SolutionGuid = {6C05E56B-254F-4E5A-BE01-3361806FB7F3}
	EndGlobalSection
EndGlobal
